
Microsoft Visual Studio Solution File, Format Version 12.00
# Visual Studio Version 17
VisualStudioVersion = 17.13.35931.197
MinimumVisualStudioVersion = 10.0.40219.1
Project("{FAE04EC0-301F-11D3-BF4B-00C04F79EFBC}") = "Microsoft.REPR", "Microsoft.REPR\Microsoft.REPR.csproj", "{12EA2D4C-9636-45E3-8C68-F54422677855}"
EndProject
Project("{2150E333-8FDC-42A3-9474-1A3956D46DE8}") = "tests", "tests", "{02EA681E-C7D8-13C7-8484-4AC65E1B71E8}"
EndProject
Project("{2150E333-8FDC-42A3-9474-1A3956D46DE8}") = "Solution Items", "Solution Items", "{8EC462FD-D22E-90A8-E5CE-7E832BA40C5D}"
	ProjectSection(SolutionItems) = preProject
		..\.gitignore = ..\.gitignore
		docs\images\initial_benchmark.png = docs\images\initial_benchmark.png
	EndProjectSection
EndProject
Project("{FAE04EC0-301F-11D3-BF4B-00C04F79EFBC}") = "Microsoft.REPR.UnitTests", "tests\Microsoft.REPR.UnitTests\Microsoft.REPR.UnitTests.csproj", "{96FC618F-CDF9-9042-268A-CB5E3A9A364B}"
EndProject
Project("{FAE04EC0-301F-11D3-BF4B-00C04F79EFBC}") = "Microsoft.Test.RERP.Library", "tests\Microsoft.RERP.TestLibrary\Microsoft.Test.RERP.Library.csproj", "{7B17F1E1-4B6A-C853-2212-2A5ED676D5DE}"
EndProject
Project("{FAE04EC0-301F-11D3-BF4B-00C04F79EFBC}") = "Microsoft.REPR.Performance", "tests\PEPR.Performance\Microsoft.REPR.Performance.csproj", "{AD804A77-01DC-F019-05F2-64350437E9F9}"
EndProject
Global
	GlobalSection(SolutionConfigurationPlatforms) = preSolution
		Debug|Any CPU = Debug|Any CPU
		Release|Any CPU = Release|Any CPU
	EndGlobalSection
	GlobalSection(ProjectConfigurationPlatforms) = postSolution
		{12EA2D4C-9636-45E3-8C68-F54422677855}.Debug|Any CPU.ActiveCfg = Debug|Any CPU
		{12EA2D4C-9636-45E3-8C68-F54422677855}.Debug|Any CPU.Build.0 = Debug|Any CPU
		{12EA2D4C-9636-45E3-8C68-F54422677855}.Release|Any CPU.ActiveCfg = Release|Any CPU
		{12EA2D4C-9636-45E3-8C68-F54422677855}.Release|Any CPU.Build.0 = Release|Any CPU
		{96FC618F-CDF9-9042-268A-CB5E3A9A364B}.Debug|Any CPU.ActiveCfg = Debug|Any CPU
		{96FC618F-CDF9-9042-268A-CB5E3A9A364B}.Debug|Any CPU.Build.0 = Debug|Any CPU
		{96FC618F-CDF9-9042-268A-CB5E3A9A364B}.Release|Any CPU.ActiveCfg = Release|Any CPU
		{96FC618F-CDF9-9042-268A-CB5E3A9A364B}.Release|Any CPU.Build.0 = Release|Any CPU
		{7B17F1E1-4B6A-C853-2212-2A5ED676D5DE}.Debug|Any CPU.ActiveCfg = Debug|Any CPU
		{7B17F1E1-4B6A-C853-2212-2A5ED676D5DE}.Debug|Any CPU.Build.0 = Debug|Any CPU
		{7B17F1E1-4B6A-C853-2212-2A5ED676D5DE}.Release|Any CPU.ActiveCfg = Release|Any CPU
		{7B17F1E1-4B6A-C853-2212-2A5ED676D5DE}.Release|Any CPU.Build.0 = Release|Any CPU
		{AD804A77-01DC-F019-05F2-64350437E9F9}.Debug|Any CPU.ActiveCfg = Debug|Any CPU
		{AD804A77-01DC-F019-05F2-64350437E9F9}.Debug|Any CPU.Build.0 = Debug|Any CPU
		{AD804A77-01DC-F019-05F2-64350437E9F9}.Release|Any CPU.ActiveCfg = Release|Any CPU
		{AD804A77-01DC-F019-05F2-64350437E9F9}.Release|Any CPU.Build.0 = Release|Any CPU
	EndGlobalSection
	GlobalSection(SolutionProperties) = preSolution
		HideSolutionNode = FALSE
	EndGlobalSection
	GlobalSection(NestedProjects) = preSolution
		{96FC618F-CDF9-9042-268A-CB5E3A9A364B} = {02EA681E-C7D8-13C7-8484-4AC65E1B71E8}
		{7B17F1E1-4B6A-C853-2212-2A5ED676D5DE} = {02EA681E-C7D8-13C7-8484-4AC65E1B71E8}
		{AD804A77-01DC-F019-05F2-64350437E9F9} = {02EA681E-C7D8-13C7-8484-4AC65E1B71E8}
	EndGlobalSection
	GlobalSection(ExtensibilityGlobals) = postSolution
		SolutionGuid = {11FBC743-148A-43C3-BCE5-7B4023BE829A}
	EndGlobalSection
EndGlobal
